
Microsoft Visual Studio Solution File, Format Version 12.00
# Visual Studio Version 16
VisualStudioVersion = 16.0.30804.86
MinimumVisualStudioVersion = 10.0.40219.1
Project("{FAE04EC0-301F-11D3-BF4B-00C04F79EFBC}") = "NetCoreReact", "NetCoreReact\NetCoreReact.csproj", "{6198ECE8-31CE-44E5-B34C-200C76859D19}"
EndProject
Project("{FAE04EC0-301F-11D3-BF4B-00C04F79EFBC}") = "Data", "Data\Data.csproj", "{B0D8478C-1B0B-49CB-9EF2-CBFA9AC97573}"
EndProject
Project("{FAE04EC0-301F-11D3-BF4B-00C04F79EFBC}") = "Core", "Core\Core.csproj", "{04F5006F-671B-47E0-A1CD-A4126E3112A5}"
EndProject
Global
	GlobalSection(SolutionConfigurationPlatforms) = preSolution
		Debug|Any CPU = Debug|Any CPU
		Release|Any CPU = Release|Any CPU
	EndGlobalSection
	GlobalSection(ProjectConfigurationPlatforms) = postSolution
		{6198ECE8-31CE-44E5-B34C-200C76859D19}.Debug|Any CPU.ActiveCfg = Debug|Any CPU
		{6198ECE8-31CE-44E5-B34C-200C76859D19}.Debug|Any CPU.Build.0 = Debug|Any CPU
		{6198ECE8-31CE-44E5-B34C-200C76859D19}.Release|Any CPU.ActiveCfg = Release|Any CPU
		{6198ECE8-31CE-44E5-B34C-200C76859D19}.Release|Any CPU.Build.0 = Release|Any CPU
		{B0D8478C-1B0B-49CB-9EF2-CBFA9AC97573}.Debug|Any CPU.ActiveCfg = Debug|Any CPU
		{B0D8478C-1B0B-49CB-9EF2-CBFA9AC97573}.Debug|Any CPU.Build.0 = Debug|Any CPU
		{B0D8478C-1B0B-49CB-9EF2-CBFA9AC97573}.Release|Any CPU.ActiveCfg = Release|Any CPU
		{B0D8478C-1B0B-49CB-9EF2-CBFA9AC97573}.Release|Any CPU.Build.0 = Release|Any CPU
		{04F5006F-671B-47E0-A1CD-A4126E3112A5}.Debug|Any CPU.ActiveCfg = Debug|Any CPU
		{04F5006F-671B-47E0-A1CD-A4126E3112A5}.Debug|Any CPU.Build.0 = Debug|Any CPU
		{04F5006F-671B-47E0-A1CD-A4126E3112A5}.Release|Any CPU.ActiveCfg = Release|Any CPU
		{04F5006F-671B-47E0-A1CD-A4126E3112A5}.Release|Any CPU.Build.0 = Release|Any CPU
	EndGlobalSection
	GlobalSection(SolutionProperties) = preSolution
		HideSolutionNode = FALSE
	EndGlobalSection
	GlobalSection(ExtensibilityGlobals) = postSolution
		SolutionGuid = {57BE37E5-D278-47FA-A1DA-C29D75659F06}
	EndGlobalSection
EndGlobal
